
Microsoft Visual Studio Solution File, Format Version 12.00
# Visual Studio Version 16
VisualStudioVersion = 16.0.30804.86
MinimumVisualStudioVersion = 10.0.40219.1
Project("{FAE04EC0-301F-11D3-BF4B-00C04F79EFBC}") = "learn_c++_in_cs", "learn_c++_in_cs.csproj", "{5E15D392-3331-4175-B04E-BF3DEBA77766}"
EndProject
Global
	GlobalSection(SolutionConfigurationPlatforms) = preSolution
		Debug|Any CPU = Debug|Any CPU
		Release|Any CPU = Release|Any CPU
	EndGlobalSection
	GlobalSection(ProjectConfigurationPlatforms) = postSolution
		{5E15D392-3331-4175-B04E-BF3DEBA77766}.Debug|Any CPU.ActiveCfg = Debug|Any CPU
		{5E15D392-3331-4175-B04E-BF3DEBA77766}.Debug|Any CPU.Build.0 = Debug|Any CPU
		{5E15D392-3331-4175-B04E-BF3DEBA77766}.Release|Any CPU.ActiveCfg = Release|Any CPU
		{5E15D392-3331-4175-B04E-BF3DEBA77766}.Release|Any CPU.Build.0 = Release|Any CPU
	EndGlobalSection
	GlobalSection(SolutionProperties) = preSolution
		HideSolutionNode = FALSE
	EndGlobalSection
	GlobalSection(ExtensibilityGlobals) = postSolution
		SolutionGuid = {0714514B-3853-4665-8165-E48A53836C71}
	EndGlobalSection
EndGlobal
